
Microsoft Visual Studio Solution File, Format Version 12.00
# Visual Studio Version 17
VisualStudioVersion = 17.2.32505.173
MinimumVisualStudioVersion = 10.0.40219.1
Project("{9A19103F-16F7-4668-BE54-9A1E7A4F7556}") = "01_DiagonalDifference", "01_DiagonalDifference\01_DiagonalDifference.csproj", "{77F69F74-8328-4920-86E2-E30B1C46FCB3}"
EndProject
Project("{9A19103F-16F7-4668-BE54-9A1E7A4F7556}") = "02_HandsInBlueSquaresInMatrix", "02_HandsInBlueSquaresInMatrix\02_HandsInBlueSquaresInMatrix.csproj", "{AAB48B52-8F1A-4D9C-9871-DB4590F0182B}"
EndProject
Project("{9A19103F-16F7-4668-BE54-9A1E7A4F7556}") = "03_MaxSum", "03_MaxSum\03_MaxSum.csproj", "{138C2ECB-ED04-4A11-81FD-0084C61CA2F4}"
EndProject
Project("{9A19103F-16F7-4668-BE54-9A1E7A4F7556}") = "04_MatrixShiffling", "04_MatrixShiffling\04_MatrixShiffling.csproj", "{D9E8962A-4DB9-4114-AEA5-7BCA45E4B392}"
EndProject
Project("{9A19103F-16F7-4668-BE54-9A1E7A4F7556}") = "05_SnakeMoves", "05_SnakeMoves\05_SnakeMoves.csproj", "{E739644A-0324-4269-8CFC-427E67490CB7}"
EndProject
Project("{9A19103F-16F7-4668-BE54-9A1E7A4F7556}") = "06_JaggedArrayManipulator", "06_JaggedArrayManipulator\06_JaggedArrayManipulator.csproj", "{9C57D264-76E8-4013-A132-F292FE4E4AE8}"
EndProject
Project("{9A19103F-16F7-4668-BE54-9A1E7A4F7556}") = "07_TheKnightGame", "07_TheKnightGame\07_TheKnightGame.csproj", "{2115DFFF-30C8-4623-A78B-DAD5D2EE355E}"
EndProject
Project("{9A19103F-16F7-4668-BE54-9A1E7A4F7556}") = "07_KnightGame_01", "07_KnightGame_01\07_KnightGame_01.csproj", "{A04DB4C4-7F4C-419D-B67A-152573E89F77}"
EndProject
Project("{9A19103F-16F7-4668-BE54-9A1E7A4F7556}") = "07_KnightGame_2", "07_KnightGame_2\07_KnightGame_2.csproj", "{492730FB-3A58-464E-8E15-1C0600CD2745}"
EndProject
Project("{9A19103F-16F7-4668-BE54-9A1E7A4F7556}") = "08_Bombs", "08_Bombs\08_Bombs.csproj", "{6FB6C25F-79A8-4E27-A05E-B32C2A6F926F}"
EndProject
Project("{FAE04EC0-301F-11D3-BF4B-00C04F79EFBC}") = "08_Bombs_2", "08_Bombs_2\08_Bombs_2.csproj", "{947F47D2-AB3B-469C-974B-D9D1D9ECB57A}"
EndProject
Project("{FAE04EC0-301F-11D3-BF4B-00C04F79EFBC}") = "09_Miner", "09_Miner\09_Miner.csproj", "{DB0C8A14-2A70-42CC-AADA-A89EF0A54EE8}"
EndProject
Global
	GlobalSection(SolutionConfigurationPlatforms) = preSolution
		Debug|Any CPU = Debug|Any CPU
		Release|Any CPU = Release|Any CPU
	EndGlobalSection
	GlobalSection(ProjectConfigurationPlatforms) = postSolution
		{77F69F74-8328-4920-86E2-E30B1C46FCB3}.Debug|Any CPU.ActiveCfg = Debug|Any CPU
		{77F69F74-8328-4920-86E2-E30B1C46FCB3}.Debug|Any CPU.Build.0 = Debug|Any CPU
		{77F69F74-8328-4920-86E2-E30B1C46FCB3}.Release|Any CPU.ActiveCfg = Release|Any CPU
		{77F69F74-8328-4920-86E2-E30B1C46FCB3}.Release|Any CPU.Build.0 = Release|Any CPU
		{AAB48B52-8F1A-4D9C-9871-DB4590F0182B}.Debug|Any CPU.ActiveCfg = Debug|Any CPU
		{AAB48B52-8F1A-4D9C-9871-DB4590F0182B}.Debug|Any CPU.Build.0 = Debug|Any CPU
		{AAB48B52-8F1A-4D9C-9871-DB4590F0182B}.Release|Any CPU.ActiveCfg = Release|Any CPU
		{AAB48B52-8F1A-4D9C-9871-DB4590F0182B}.Release|Any CPU.Build.0 = Release|Any CPU
		{138C2ECB-ED04-4A11-81FD-0084C61CA2F4}.Debug|Any CPU.ActiveCfg = Debug|Any CPU
		{138C2ECB-ED04-4A11-81FD-0084C61CA2F4}.Debug|Any CPU.Build.0 = Debug|Any CPU
		{138C2ECB-ED04-4A11-81FD-0084C61CA2F4}.Release|Any CPU.ActiveCfg = Release|Any CPU
		{138C2ECB-ED04-4A11-81FD-0084C61CA2F4}.Release|Any CPU.Build.0 = Release|Any CPU
		{D9E8962A-4DB9-4114-AEA5-7BCA45E4B392}.Debug|Any CPU.ActiveCfg = Debug|Any CPU
		{D9E8962A-4DB9-4114-AEA5-7BCA45E4B392}.Debug|Any CPU.Build.0 = Debug|Any CPU
		{D9E8962A-4DB9-4114-AEA5-7BCA45E4B392}.Release|Any CPU.ActiveCfg = Release|Any CPU
		{D9E8962A-4DB9-4114-AEA5-7BCA45E4B392}.Release|Any CPU.Build.0 = Release|Any CPU
		{E739644A-0324-4269-8CFC-427E67490CB7}.Debug|Any CPU.ActiveCfg = Debug|Any CPU
		{E739644A-0324-4269-8CFC-427E67490CB7}.Debug|Any CPU.Build.0 = Debug|Any CPU
		{E739644A-0324-4269-8CFC-427E67490CB7}.Release|Any CPU.ActiveCfg = Release|Any CPU
		{E739644A-0324-4269-8CFC-427E67490CB7}.Release|Any CPU.Build.0 = Release|Any CPU
		{9C57D264-76E8-4013-A132-F292FE4E4AE8}.Debug|Any CPU.ActiveCfg = Debug|Any CPU
		{9C57D264-76E8-4013-A132-F292FE4E4AE8}.Debug|Any CPU.Build.0 = Debug|Any CPU
		{9C57D264-76E8-4013-A132-F292FE4E4AE8}.Release|Any CPU.ActiveCfg = Release|Any CPU
		{9C57D264-76E8-4013-A132-F292FE4E4AE8}.Release|Any CPU.Build.0 = Release|Any CPU
		{2115DFFF-30C8-4623-A78B-DAD5D2EE355E}.Debug|Any CPU.ActiveCfg = Debug|Any CPU
		{2115DFFF-30C8-4623-A78B-DAD5D2EE355E}.Debug|Any CPU.Build.0 = Debug|Any CPU
		{2115DFFF-30C8-4623-A78B-DAD5D2EE355E}.Release|Any CPU.ActiveCfg = Release|Any CPU
		{2115DFFF-30C8-4623-A78B-DAD5D2EE355E}.Release|Any CPU.Build.0 = Release|Any CPU
		{A04DB4C4-7F4C-419D-B67A-152573E89F77}.Debug|Any CPU.ActiveCfg = Debug|Any CPU
		{A04DB4C4-7F4C-419D-B67A-152573E89F77}.Debug|Any CPU.Build.0 = Debug|Any CPU
		{A04DB4C4-7F4C-419D-B67A-152573E89F77}.Release|Any CPU.ActiveCfg = Release|Any CPU
		{A04DB4C4-7F4C-419D-B67A-152573E89F77}.Release|Any CPU.Build.0 = Release|Any CPU
		{492730FB-3A58-464E-8E15-1C0600CD2745}.Debug|Any CPU.ActiveCfg = Debug|Any CPU
		{492730FB-3A58-464E-8E15-1C0600CD2745}.Debug|Any CPU.Build.0 = Debug|Any CPU
		{492730FB-3A58-464E-8E15-1C0600CD2745}.Release|Any CPU.ActiveCfg = Release|Any CPU
		{492730FB-3A58-464E-8E15-1C0600CD2745}.Release|Any CPU.Build.0 = Release|Any CPU
		{6FB6C25F-79A8-4E27-A05E-B32C2A6F926F}.Debug|Any CPU.ActiveCfg = Debug|Any CPU
		{6FB6C25F-79A8-4E27-A05E-B32C2A6F926F}.Debug|Any CPU.Build.0 = Debug|Any CPU
		{6FB6C25F-79A8-4E27-A05E-B32C2A6F926F}.Release|Any CPU.ActiveCfg = Release|Any CPU
		{6FB6C25F-79A8-4E27-A05E-B32C2A6F926F}.Release|Any CPU.Build.0 = Release|Any CPU
		{947F47D2-AB3B-469C-974B-D9D1D9ECB57A}.Debug|Any CPU.ActiveCfg = Debug|Any CPU
		{947F47D2-AB3B-469C-974B-D9D1D9ECB57A}.Debug|Any CPU.Build.0 = Debug|Any CPU
		{947F47D2-AB3B-469C-974B-D9D1D9ECB57A}.Release|Any CPU.ActiveCfg = Release|Any CPU
		{947F47D2-AB3B-469C-974B-D9D1D9ECB57A}.Release|Any CPU.Build.0 = Release|Any CPU
		{DB0C8A14-2A70-42CC-AADA-A89EF0A54EE8}.Debug|Any CPU.ActiveCfg = Debug|Any CPU
		{DB0C8A14-2A70-42CC-AADA-A89EF0A54EE8}.Debug|Any CPU.Build.0 = Debug|Any CPU
		{DB0C8A14-2A70-42CC-AADA-A89EF0A54EE8}.Release|Any CPU.ActiveCfg = Release|Any CPU
		{DB0C8A14-2A70-42CC-AADA-A89EF0A54EE8}.Release|Any CPU.Build.0 = Release|Any CPU
	EndGlobalSection
	GlobalSection(SolutionProperties) = preSolution
		HideSolutionNode = FALSE
	EndGlobalSection
	GlobalSection(ExtensibilityGlobals) = postSolution
		SolutionGuid = {823C4863-FA23-4215-B56E-105DAE633ED9}
	EndGlobalSection
EndGlobal
